
Microsoft Visual Studio Solution File, Format Version 12.00
# Visual Studio 15
VisualStudioVersion = 15.0.28307.271
MinimumVisualStudioVersion = 10.0.40219.1
Project("{9A19103F-16F7-4668-BE54-9A1E7A4F7556}") = "CoraCorpMCM.Web", "CoraCorpMCM.Web\CoraCorpMCM.Web.csproj", "{D0A08CF9-14E5-4D86-AA45-77AFF181F03B}"
EndProject
Project("{9A19103F-16F7-4668-BE54-9A1E7A4F7556}") = "CoraCorpMCM.App", "CoraCorpMCM.App\CoraCorpMCM.App.csproj", "{2DE3A955-6651-4AF2-BC97-C12C25816F21}"
EndProject
Project("{9A19103F-16F7-4668-BE54-9A1E7A4F7556}") = "CoraCorpMCM.Data", "CoraCorpMCM.Data\CoraCorpMCM.Data.csproj", "{BDF0916C-C7D9-427A-B67C-BBC1B4019865}"
EndProject
Project("{9A19103F-16F7-4668-BE54-9A1E7A4F7556}") = "CoraCorpMCM.Services", "CoraCorpMCM.Services\CoraCorpMCM.Services.csproj", "{B038C9DF-C39A-4649-A59A-C71E7ED97C09}"
EndProject
Project("{FAE04EC0-301F-11D3-BF4B-00C04F79EFBC}") = "CoraCorpMCM.Web.UnitTests", "CoraCorpMCM.Web.UnitTests\CoraCorpMCM.Web.UnitTests.csproj", "{C2D9BF16-5BE6-4524-AFFE-F8C3A4DA53E9}"
EndProject
Global
	GlobalSection(SolutionConfigurationPlatforms) = preSolution
		Debug|Any CPU = Debug|Any CPU
		Release|Any CPU = Release|Any CPU
	EndGlobalSection
	GlobalSection(ProjectConfigurationPlatforms) = postSolution
		{D0A08CF9-14E5-4D86-AA45-77AFF181F03B}.Debug|Any CPU.ActiveCfg = Debug|Any CPU
		{D0A08CF9-14E5-4D86-AA45-77AFF181F03B}.Debug|Any CPU.Build.0 = Debug|Any CPU
		{D0A08CF9-14E5-4D86-AA45-77AFF181F03B}.Release|Any CPU.ActiveCfg = Release|Any CPU
		{D0A08CF9-14E5-4D86-AA45-77AFF181F03B}.Release|Any CPU.Build.0 = Release|Any CPU
		{2DE3A955-6651-4AF2-BC97-C12C25816F21}.Debug|Any CPU.ActiveCfg = Debug|Any CPU
		{2DE3A955-6651-4AF2-BC97-C12C25816F21}.Debug|Any CPU.Build.0 = Debug|Any CPU
		{2DE3A955-6651-4AF2-BC97-C12C25816F21}.Release|Any CPU.ActiveCfg = Release|Any CPU
		{2DE3A955-6651-4AF2-BC97-C12C25816F21}.Release|Any CPU.Build.0 = Release|Any CPU
		{BDF0916C-C7D9-427A-B67C-BBC1B4019865}.Debug|Any CPU.ActiveCfg = Debug|Any CPU
		{BDF0916C-C7D9-427A-B67C-BBC1B4019865}.Debug|Any CPU.Build.0 = Debug|Any CPU
		{BDF0916C-C7D9-427A-B67C-BBC1B4019865}.Release|Any CPU.ActiveCfg = Release|Any CPU
		{BDF0916C-C7D9-427A-B67C-BBC1B4019865}.Release|Any CPU.Build.0 = Release|Any CPU
		{B038C9DF-C39A-4649-A59A-C71E7ED97C09}.Debug|Any CPU.ActiveCfg = Debug|Any CPU
		{B038C9DF-C39A-4649-A59A-C71E7ED97C09}.Debug|Any CPU.Build.0 = Debug|Any CPU
		{B038C9DF-C39A-4649-A59A-C71E7ED97C09}.Release|Any CPU.ActiveCfg = Release|Any CPU
		{B038C9DF-C39A-4649-A59A-C71E7ED97C09}.Release|Any CPU.Build.0 = Release|Any CPU
		{C2D9BF16-5BE6-4524-AFFE-F8C3A4DA53E9}.Debug|Any CPU.ActiveCfg = Debug|Any CPU
		{C2D9BF16-5BE6-4524-AFFE-F8C3A4DA53E9}.Debug|Any CPU.Build.0 = Debug|Any CPU
		{C2D9BF16-5BE6-4524-AFFE-F8C3A4DA53E9}.Release|Any CPU.ActiveCfg = Release|Any CPU
		{C2D9BF16-5BE6-4524-AFFE-F8C3A4DA53E9}.Release|Any CPU.Build.0 = Release|Any CPU
	EndGlobalSection
	GlobalSection(SolutionProperties) = preSolution
		HideSolutionNode = FALSE
	EndGlobalSection
	GlobalSection(ExtensibilityGlobals) = postSolution
		SolutionGuid = {66B8E72D-4ECD-4ED1-B2CB-23307E00D67D}
	EndGlobalSection
EndGlobal
